// !$*UTF8*$!
{
	archiveVersion = 1;
	classes = {
	};
	objectVersion = 46;
	objects = {

/* Begin PBXBuildFile section */
		15B078C0DA03C423A6EE254F /* Pods_TestTabBarLibrary_Tests.framework in Frameworks */ = {isa = PBXBuildFile; fileRef = C28456C6475FE7FC5A7C5FEF /* Pods_TestTabBarLibrary_Tests.framework */; };
		607FACEC1AFB9204008FA782 /* Tests.swift in Sources */ = {isa = PBXBuildFile; fileRef = 607FACEB1AFB9204008FA782 /* Tests.swift */; };
		AA69F19E2219E40C0021E9B9 /* Appfile in Resources */ = {isa = PBXBuildFile; fileRef = AA69F1992219E40C0021E9B9 /* Appfile */; };
		AA69F19F2219E40C0021E9B9 /* Fastfile in Resources */ = {isa = PBXBuildFile; fileRef = AA69F19A2219E40C0021E9B9 /* Fastfile */; };
		AA69F1A02219E40C0021E9B9 /* Gemfile in Resources */ = {isa = PBXBuildFile; fileRef = AA69F19B2219E40C0021E9B9 /* Gemfile */; };
		AA69F1A12219E40C0021E9B9 /* Gemfile.lock in Resources */ = {isa = PBXBuildFile; fileRef = AA69F19C2219E40C0021E9B9 /* Gemfile.lock */; };
		AA69F1A22219E40C0021E9B9 /* Matchfile in Resources */ = {isa = PBXBuildFile; fileRef = AA69F19D2219E40C0021E9B9 /* Matchfile */; };
		AA69F2012219E4260021E9B9 /* SnapKit 3.0 Migration Guide.md in Resources */ = {isa = PBXBuildFile; fileRef = AA69F1A72219E4250021E9B9 /* SnapKit 3.0 Migration Guide.md */; };
		AA69F2022219E4260021E9B9 /* ListViewController.swift in Sources */ = {isa = PBXBuildFile; fileRef = AA69F1A92219E4250021E9B9 /* ListViewController.swift */; };
		AA69F2032219E4260021E9B9 /* Assets.xcassets in Resources */ = {isa = PBXBuildFile; fileRef = AA69F1AA2219E4250021E9B9 /* Assets.xcassets */; };
		AA69F2042219E4260021E9B9 /* LaunchScreen.storyboard in Resources */ = {isa = PBXBuildFile; fileRef = AA69F1AB2219E4250021E9B9 /* LaunchScreen.storyboard */; };
		AA69F2052219E4260021E9B9 /* AppDelegate.swift in Sources */ = {isa = PBXBuildFile; fileRef = AA69F1AD2219E4250021E9B9 /* AppDelegate.swift */; };
		AA69F2062219E4260021E9B9 /* SimpleLayoutViewController.swift in Sources */ = {isa = PBXBuildFile; fileRef = AA69F1AF2219E4250021E9B9 /* SimpleLayoutViewController.swift */; };
		AA69F2072219E4260021E9B9 /* BasicUIScrollViewController.swift in Sources */ = {isa = PBXBuildFile; fileRef = AA69F1B02219E4250021E9B9 /* BasicUIScrollViewController.swift */; };
		AA69F2082219E4260021E9B9 /* Info.plist in Resources */ = {isa = PBXBuildFile; fileRef = AA69F1B12219E4250021E9B9 /* Info.plist */; };
		AA69F2092219E4260021E9B9 /* LICENSE in Resources */ = {isa = PBXBuildFile; fileRef = AA69F1B22219E4250021E9B9 /* LICENSE */; };
		AA69F20A2219E4260021E9B9 /* ConstraintMultiplierTarget.swift in Sources */ = {isa = PBXBuildFile; fileRef = AA69F1B42219E4250021E9B9 /* ConstraintMultiplierTarget.swift */; };
		AA69F20B2219E4260021E9B9 /* LayoutConstraintItem.swift in Sources */ = {isa = PBXBuildFile; fileRef = AA69F1B52219E4250021E9B9 /* LayoutConstraintItem.swift */; };
		AA69F20C2219E4260021E9B9 /* ConstraintDescription.swift in Sources */ = {isa = PBXBuildFile; fileRef = AA69F1B62219E4250021E9B9 /* ConstraintDescription.swift */; };
		AA69F20D2219E4260021E9B9 /* ConstraintMakerPriortizable.swift in Sources */ = {isa = PBXBuildFile; fileRef = AA69F1B72219E4250021E9B9 /* ConstraintMakerPriortizable.swift */; };
		AA69F20E2219E4260021E9B9 /* ConstraintAttributes.swift in Sources */ = {isa = PBXBuildFile; fileRef = AA69F1B82219E4250021E9B9 /* ConstraintAttributes.swift */; };
		AA69F20F2219E4260021E9B9 /* ConstraintViewDSL.swift in Sources */ = {isa = PBXBuildFile; fileRef = AA69F1B92219E4250021E9B9 /* ConstraintViewDSL.swift */; };
		AA69F2102219E4260021E9B9 /* ConstraintPriorityTarget.swift in Sources */ = {isa = PBXBuildFile; fileRef = AA69F1BA2219E4250021E9B9 /* ConstraintPriorityTarget.swift */; };
		AA69F2112219E4260021E9B9 /* ConstraintInsets.swift in Sources */ = {isa = PBXBuildFile; fileRef = AA69F1BB2219E4250021E9B9 /* ConstraintInsets.swift */; };
		AA69F2122219E4260021E9B9 /* ConstraintMakerFinalizable.swift in Sources */ = {isa = PBXBuildFile; fileRef = AA69F1BC2219E4250021E9B9 /* ConstraintMakerFinalizable.swift */; };
		AA69F2132219E4260021E9B9 /* ConstraintDSL.swift in Sources */ = {isa = PBXBuildFile; fileRef = AA69F1BD2219E4250021E9B9 /* ConstraintDSL.swift */; };
		AA69F2142219E4260021E9B9 /* ConstraintMakerExtendable.swift in Sources */ = {isa = PBXBuildFile; fileRef = AA69F1BE2219E4250021E9B9 /* ConstraintMakerExtendable.swift */; };
		AA69F2152219E4260021E9B9 /* ConstraintPriority.swift in Sources */ = {isa = PBXBuildFile; fileRef = AA69F1BF2219E4250021E9B9 /* ConstraintPriority.swift */; };
		AA69F2162219E4260021E9B9 /* ConstraintInsetTarget.swift in Sources */ = {isa = PBXBuildFile; fileRef = AA69F1C02219E4250021E9B9 /* ConstraintInsetTarget.swift */; };
		AA69F2172219E4260021E9B9 /* ConstraintConfig.swift in Sources */ = {isa = PBXBuildFile; fileRef = AA69F1C22219E4250021E9B9 /* ConstraintConfig.swift */; };
		AA69F2182219E4260021E9B9 /* UILayoutSupport+Extensions.swift in Sources */ = {isa = PBXBuildFile; fileRef = AA69F1C32219E4250021E9B9 /* UILayoutSupport+Extensions.swift */; };
		AA69F2192219E4260021E9B9 /* ConstraintView.swift in Sources */ = {isa = PBXBuildFile; fileRef = AA69F1C42219E4250021E9B9 /* ConstraintView.swift */; };
		AA69F21A2219E4260021E9B9 /* ConstraintLayoutGuide.swift in Sources */ = {isa = PBXBuildFile; fileRef = AA69F1C52219E4250021E9B9 /* ConstraintLayoutGuide.swift */; };
		AA69F21B2219E4260021E9B9 /* ConstraintLayoutSupport.swift in Sources */ = {isa = PBXBuildFile; fileRef = AA69F1C62219E4250021E9B9 /* ConstraintLayoutSupport.swift */; };
		AA69F21C2219E4260021E9B9 /* Typealiases.swift in Sources */ = {isa = PBXBuildFile; fileRef = AA69F1C72219E4250021E9B9 /* Typealiases.swift */; };
		AA69F21D2219E4260021E9B9 /* ConstraintConstantTarget.swift in Sources */ = {isa = PBXBuildFile; fileRef = AA69F1C82219E4250021E9B9 /* ConstraintConstantTarget.swift */; };
		AA69F21E2219E4260021E9B9 /* ConstraintOffsetTarget.swift in Sources */ = {isa = PBXBuildFile; fileRef = AA69F1C92219E4250021E9B9 /* ConstraintOffsetTarget.swift */; };
		AA69F21F2219E4260021E9B9 /* ConstraintMakerEditable.swift in Sources */ = {isa = PBXBuildFile; fileRef = AA69F1CA2219E4250021E9B9 /* ConstraintMakerEditable.swift */; };
		AA69F2202219E4260021E9B9 /* ConstraintMaker.swift in Sources */ = {isa = PBXBuildFile; fileRef = AA69F1CB2219E4250021E9B9 /* ConstraintMaker.swift */; };
		AA69F2212219E4260021E9B9 /* ConstraintRelation.swift in Sources */ = {isa = PBXBuildFile; fileRef = AA69F1CC2219E4250021E9B9 /* ConstraintRelation.swift */; };
		AA69F2222219E4260021E9B9 /* ConstraintLayoutGuideDSL.swift in Sources */ = {isa = PBXBuildFile; fileRef = AA69F1CD2219E4250021E9B9 /* ConstraintLayoutGuideDSL.swift */; };
		AA69F2232219E4260021E9B9 /* ConstraintView+Extensions.swift in Sources */ = {isa = PBXBuildFile; fileRef = AA69F1CE2219E4250021E9B9 /* ConstraintView+Extensions.swift */; };
		AA69F2242219E4260021E9B9 /* ConstraintItem.swift in Sources */ = {isa = PBXBuildFile; fileRef = AA69F1CF2219E4250021E9B9 /* ConstraintItem.swift */; };
		AA69F2252219E4260021E9B9 /* Constraint.swift in Sources */ = {isa = PBXBuildFile; fileRef = AA69F1D02219E4250021E9B9 /* Constraint.swift */; };
		AA69F2262219E4260021E9B9 /* Debugging.swift in Sources */ = {isa = PBXBuildFile; fileRef = AA69F1D12219E4250021E9B9 /* Debugging.swift */; };
		AA69F2272219E4260021E9B9 /* ConstraintRelatableTarget.swift in Sources */ = {isa = PBXBuildFile; fileRef = AA69F1D22219E4250021E9B9 /* ConstraintRelatableTarget.swift */; };
		AA69F2282219E4260021E9B9 /* Info.plist in Resources */ = {isa = PBXBuildFile; fileRef = AA69F1D32219E4250021E9B9 /* Info.plist */; };
		AA69F2292219E4260021E9B9 /* LayoutConstraint.swift in Sources */ = {isa = PBXBuildFile; fileRef = AA69F1D42219E4250021E9B9 /* LayoutConstraint.swift */; };
		AA69F22A2219E4260021E9B9 /* ConstraintLayoutGuide+Extensions.swift in Sources */ = {isa = PBXBuildFile; fileRef = AA69F1D52219E4250021E9B9 /* ConstraintLayoutGuide+Extensions.swift */; };
		AA69F22B2219E4260021E9B9 /* ConstraintLayoutSupportDSL.swift in Sources */ = {isa = PBXBuildFile; fileRef = AA69F1D62219E4250021E9B9 /* ConstraintLayoutSupportDSL.swift */; };
		AA69F22C2219E4260021E9B9 /* ConstraintMakerRelatable.swift in Sources */ = {isa = PBXBuildFile; fileRef = AA69F1D72219E4250021E9B9 /* ConstraintMakerRelatable.swift */; };
		AA69F22D2219E4260021E9B9 /* Tests.swift in Sources */ = {isa = PBXBuildFile; fileRef = AA69F1DA2219E4250021E9B9 /* Tests.swift */; };
		AA69F22E2219E4260021E9B9 /* Info.plist in Resources */ = {isa = PBXBuildFile; fileRef = AA69F1DB2219E4250021E9B9 /* Info.plist */; };
		AA69F22F2219E4260021E9B9 /* SnapKit Constraint Remake.codesnippet in Resources */ = {isa = PBXBuildFile; fileRef = AA69F1DD2219E4250021E9B9 /* SnapKit Constraint Remake.codesnippet */; };
		AA69F2302219E4260021E9B9 /* SnapKit Constraint Make.codesnippet in Resources */ = {isa = PBXBuildFile; fileRef = AA69F1DE2219E4250021E9B9 /* SnapKit Constraint Make.codesnippet */; };
		AA69F2312219E4260021E9B9 /* README.md in Resources */ = {isa = PBXBuildFile; fileRef = AA69F1DF2219E4250021E9B9 /* README.md */; };
		AA69F2322219E4260021E9B9 /* ISSUE_TEMPLATE.md in Resources */ = {isa = PBXBuildFile; fileRef = AA69F1E02219E4250021E9B9 /* ISSUE_TEMPLATE.md */; };
		AA69F2332219E4260021E9B9 /* .gitignore in Resources */ = {isa = PBXBuildFile; fileRef = AA69F1E12219E4250021E9B9 /* .gitignore */; };
		AA69F2342219E4260021E9B9 /* SnapKit.podspec in Resources */ = {isa = PBXBuildFile; fileRef = AA69F1E22219E4250021E9B9 /* SnapKit.podspec */; };
		AA69F2352219E4260021E9B9 /* CONTRIBUTING.md in Resources */ = {isa = PBXBuildFile; fileRef = AA69F1E32219E4250021E9B9 /* CONTRIBUTING.md */; };
		AA69F2362219E4260021E9B9 /* SnapKit.xcworkspace in Resources */ = {isa = PBXBuildFile; fileRef = AA69F1E72219E4250021E9B9 /* SnapKit.xcworkspace */; };
		AA69F2372219E4260021E9B9 /* .travis.yml in Resources */ = {isa = PBXBuildFile; fileRef = AA69F1E82219E4250021E9B9 /* .travis.yml */; };
		AA69F2382219E4260021E9B9 /* FF16D47D-E309-37F9-BC7C-AD7EBE97860F.bcsymbolmap in Resources */ = {isa = PBXBuildFile; fileRef = AA69F1EB2219E4250021E9B9 /* FF16D47D-E309-37F9-BC7C-AD7EBE97860F.bcsymbolmap */; };
		AA69F2392219E4260021E9B9 /* SnapKit.framework.dSYM in Resources */ = {isa = PBXBuildFile; fileRef = AA69F1EC2219E4250021E9B9 /* SnapKit.framework.dSYM */; };
		AA69F23A2219E4260021E9B9 /* CB3534A6-B14B-34A8-9871-B5359E1A6DC1.bcsymbolmap in Resources */ = {isa = PBXBuildFile; fileRef = AA69F1ED2219E4250021E9B9 /* CB3534A6-B14B-34A8-9871-B5359E1A6DC1.bcsymbolmap */; };
		AA69F23B2219E4260021E9B9 /* SnapKit.framework in Frameworks */ = {isa = PBXBuildFile; fileRef = AA69F1EE2219E4250021E9B9 /* SnapKit.framework */; };
		AA69F23C2219E4260021E9B9 /* SnapKit.framework.dSYM in Resources */ = {isa = PBXBuildFile; fileRef = AA69F1F02219E4250021E9B9 /* SnapKit.framework.dSYM */; };
		AA69F23D2219E4260021E9B9 /* SnapKit.framework in Frameworks */ = {isa = PBXBuildFile; fileRef = AA69F1F12219E4250021E9B9 /* SnapKit.framework */; };
		AA69F23E2219E4260021E9B9 /* C19BB6CE-6596-3283-8B1D-DF1EB3831D97.bcsymbolmap in Resources */ = {isa = PBXBuildFile; fileRef = AA69F1F32219E4250021E9B9 /* C19BB6CE-6596-3283-8B1D-DF1EB3831D97.bcsymbolmap */; };
		AA69F23F2219E4260021E9B9 /* SnapKit.framework.dSYM in Resources */ = {isa = PBXBuildFile; fileRef = AA69F1F42219E4250021E9B9 /* SnapKit.framework.dSYM */; };
		AA69F2402219E4260021E9B9 /* SnapKit.framework in Frameworks */ = {isa = PBXBuildFile; fileRef = AA69F1F52219E4250021E9B9 /* SnapKit.framework */; };
		AA69F2412219E4260021E9B9 /* .SnapKit.version in Resources */ = {isa = PBXBuildFile; fileRef = AA69F1F62219E4250021E9B9 /* .SnapKit.version */; };
		AA69F2422219E4260021E9B9 /* Cartfile.save.1 in Resources */ = {isa = PBXBuildFile; fileRef = AA69F1FD2219E4250021E9B9 /* Cartfile.save.1 */; };
		AA69F2432219E4260021E9B9 /* Cartfile.resolved in Resources */ = {isa = PBXBuildFile; fileRef = AA69F1FE2219E4250021E9B9 /* Cartfile.resolved */; };
		AA69F2442219E4260021E9B9 /* Cartfile in Resources */ = {isa = PBXBuildFile; fileRef = AA69F1FF2219E4260021E9B9 /* Cartfile */; };
		AA69F2452219E4260021E9B9 /* Cartfile.save in Resources */ = {isa = PBXBuildFile; fileRef = AA69F2002219E4260021E9B9 /* Cartfile.save */; };
		AA69F2502219E43E0021E9B9 /* TabBar.swift in Sources */ = {isa = PBXBuildFile; fileRef = AA69F2472219E43E0021E9B9 /* TabBar.swift */; };
		AA69F2512219E43E0021E9B9 /* ViewController.swift in Sources */ = {isa = PBXBuildFile; fileRef = AA69F2482219E43E0021E9B9 /* ViewController.swift */; };
		AA69F2522219E43E0021E9B9 /* Assets.xcassets in Resources */ = {isa = PBXBuildFile; fileRef = AA69F2492219E43E0021E9B9 /* Assets.xcassets */; };
		AA69F2532219E43E0021E9B9 /* LaunchScreen.storyboard in Resources */ = {isa = PBXBuildFile; fileRef = AA69F24A2219E43E0021E9B9 /* LaunchScreen.storyboard */; };
		AA69F2542219E43E0021E9B9 /* TabBarViewController.swift in Sources */ = {isa = PBXBuildFile; fileRef = AA69F24C2219E43E0021E9B9 /* TabBarViewController.swift */; };
		AA69F2552219E43E0021E9B9 /* AppDelegate.swift in Sources */ = {isa = PBXBuildFile; fileRef = AA69F24D2219E43E0021E9B9 /* AppDelegate.swift */; };
		AA69F2562219E43E0021E9B9 /* Position.swift in Sources */ = {isa = PBXBuildFile; fileRef = AA69F24E2219E43E0021E9B9 /* Position.swift */; };
		AA69F2572219E43E0021E9B9 /* Info.plist in Resources */ = {isa = PBXBuildFile; fileRef = AA69F24F2219E43E0021E9B9 /* Info.plist */; };
		AA69F2592219E4660021E9B9 /* Gemfile in Resources */ = {isa = PBXBuildFile; fileRef = AA69F2582219E4650021E9B9 /* Gemfile */; };
		AA69F25B2219E47A0021E9B9 /* nano.save in Resources */ = {isa = PBXBuildFile; fileRef = AA69F25A2219E47A0021E9B9 /* nano.save */; };
/* End PBXBuildFile section */

/* Begin PBXContainerItemProxy section */
		AA69F1F92219E4250021E9B9 /* PBXContainerItemProxy */ = {
			isa = PBXContainerItemProxy;
			containerPortal = AA69F1E42219E4250021E9B9 /* SnapKit.xcodeproj */;
			proxyType = 2;
			remoteGlobalIDString = EEBCC9D819CC627D0083B827;
			remoteInfo = SnapKit;
		};
		AA69F1FB2219E4250021E9B9 /* PBXContainerItemProxy */ = {
			isa = PBXContainerItemProxy;
			containerPortal = AA69F1E42219E4250021E9B9 /* SnapKit.xcodeproj */;
			proxyType = 2;
			remoteGlobalIDString = EEBCC9E219CC627E0083B827;
			remoteInfo = "SnapKit Tests";
		};
/* End PBXContainerItemProxy section */

/* Begin PBXFileReference section */
		607FACE51AFB9204008FA782 /* TestTabBarLibrary_Tests.xctest */ = {isa = PBXFileReference; explicitFileType = wrapper.cfbundle; includeInIndex = 0; path = TestTabBarLibrary_Tests.xctest; sourceTree = BUILT_PRODUCTS_DIR; };
		607FACEA1AFB9204008FA782 /* Info.plist */ = {isa = PBXFileReference; lastKnownFileType = text.plist.xml; path = Info.plist; sourceTree = "<group>"; };
		607FACEB1AFB9204008FA782 /* Tests.swift */ = {isa = PBXFileReference; lastKnownFileType = sourcecode.swift; path = Tests.swift; sourceTree = "<group>"; };
		96ED0F8A482D978F49AF9D5A /* TestTabBarLibrary.podspec */ = {isa = PBXFileReference; includeInIndex = 1; lastKnownFileType = text; name = TestTabBarLibrary.podspec; path = ../TestTabBarLibrary.podspec; sourceTree = "<group>"; xcLanguageSpecificationIdentifier = xcode.lang.ruby; };
		9C93FBCA203344780816BC55 /* README.md */ = {isa = PBXFileReference; includeInIndex = 1; lastKnownFileType = net.daringfireball.markdown; name = README.md; path = ../README.md; sourceTree = "<group>"; };
		A2DFF9B466BBF71DD30FB601 /* Pods-TestTabBarLibrary_Tests.debug.xcconfig */ = {isa = PBXFileReference; includeInIndex = 1; lastKnownFileType = text.xcconfig; name = "Pods-TestTabBarLibrary_Tests.debug.xcconfig"; path = "Target Support Files/Pods-TestTabBarLibrary_Tests/Pods-TestTabBarLibrary_Tests.debug.xcconfig"; sourceTree = "<group>"; };
		AA69F1992219E40C0021E9B9 /* Appfile */ = {isa = PBXFileReference; fileEncoding = 4; lastKnownFileType = text; path = Appfile; sourceTree = "<group>"; };
		AA69F19A2219E40C0021E9B9 /* Fastfile */ = {isa = PBXFileReference; fileEncoding = 4; lastKnownFileType = text; path = Fastfile; sourceTree = "<group>"; };
		AA69F19B2219E40C0021E9B9 /* Gemfile */ = {isa = PBXFileReference; fileEncoding = 4; lastKnownFileType = text; path = Gemfile; sourceTree = "<group>"; };
		AA69F19C2219E40C0021E9B9 /* Gemfile.lock */ = {isa = PBXFileReference; fileEncoding = 4; lastKnownFileType = text; path = Gemfile.lock; sourceTree = "<group>"; };
		AA69F19D2219E40C0021E9B9 /* Matchfile */ = {isa = PBXFileReference; fileEncoding = 4; lastKnownFileType = text; path = Matchfile; sourceTree = "<group>"; };
		AA69F1A72219E4250021E9B9 /* SnapKit 3.0 Migration Guide.md */ = {isa = PBXFileReference; fileEncoding = 4; lastKnownFileType = net.daringfireball.markdown; path = "SnapKit 3.0 Migration Guide.md"; sourceTree = "<group>"; };
		AA69F1A92219E4250021E9B9 /* ListViewController.swift */ = {isa = PBXFileReference; fileEncoding = 4; lastKnownFileType = sourcecode.swift; path = ListViewController.swift; sourceTree = "<group>"; };
		AA69F1AA2219E4250021E9B9 /* Assets.xcassets */ = {isa = PBXFileReference; lastKnownFileType = folder.assetcatalog; path = Assets.xcassets; sourceTree = "<group>"; };
		AA69F1AC2219E4250021E9B9 /* Base */ = {isa = PBXFileReference; lastKnownFileType = file.storyboard; name = Base; path = Base.lproj/LaunchScreen.storyboard; sourceTree = "<group>"; };
		AA69F1AD2219E4250021E9B9 /* AppDelegate.swift */ = {isa = PBXFileReference; fileEncoding = 4; lastKnownFileType = sourcecode.swift; path = AppDelegate.swift; sourceTree = "<group>"; };
		AA69F1AF2219E4250021E9B9 /* SimpleLayoutViewController.swift */ = {isa = PBXFileReference; fileEncoding = 4; lastKnownFileType = sourcecode.swift; path = SimpleLayoutViewController.swift; sourceTree = "<group>"; };
		AA69F1B02219E4250021E9B9 /* BasicUIScrollViewController.swift */ = {isa = PBXFileReference; fileEncoding = 4; lastKnownFileType = sourcecode.swift; path = BasicUIScrollViewController.swift; sourceTree = "<group>"; };
		AA69F1B12219E4250021E9B9 /* Info.plist */ = {isa = PBXFileReference; fileEncoding = 4; lastKnownFileType = text.plist.xml; path = Info.plist; sourceTree = "<group>"; };
		AA69F1B22219E4250021E9B9 /* LICENSE */ = {isa = PBXFileReference; fileEncoding = 4; lastKnownFileType = text; path = LICENSE; sourceTree = "<group>"; };
		AA69F1B42219E4250021E9B9 /* ConstraintMultiplierTarget.swift */ = {isa = PBXFileReference; fileEncoding = 4; lastKnownFileType = sourcecode.swift; path = ConstraintMultiplierTarget.swift; sourceTree = "<group>"; };
		AA69F1B52219E4250021E9B9 /* LayoutConstraintItem.swift */ = {isa = PBXFileReference; fileEncoding = 4; lastKnownFileType = sourcecode.swift; path = LayoutConstraintItem.swift; sourceTree = "<group>"; };
		AA69F1B62219E4250021E9B9 /* ConstraintDescription.swift */ = {isa = PBXFileReference; fileEncoding = 4; lastKnownFileType = sourcecode.swift; path = ConstraintDescription.swift; sourceTree = "<group>"; };
		AA69F1B72219E4250021E9B9 /* ConstraintMakerPriortizable.swift */ = {isa = PBXFileReference; fileEncoding = 4; lastKnownFileType = sourcecode.swift; path = ConstraintMakerPriortizable.swift; sourceTree = "<group>"; };
		AA69F1B82219E4250021E9B9 /* ConstraintAttributes.swift */ = {isa = PBXFileReference; fileEncoding = 4; lastKnownFileType = sourcecode.swift; path = ConstraintAttributes.swift; sourceTree = "<group>"; };
		AA69F1B92219E4250021E9B9 /* ConstraintViewDSL.swift */ = {isa = PBXFileReference; fileEncoding = 4; lastKnownFileType = sourcecode.swift; path = ConstraintViewDSL.swift; sourceTree = "<group>"; };
		AA69F1BA2219E4250021E9B9 /* ConstraintPriorityTarget.swift */ = {isa = PBXFileReference; fileEncoding = 4; lastKnownFileType = sourcecode.swift; path = ConstraintPriorityTarget.swift; sourceTree = "<group>"; };
		AA69F1BB2219E4250021E9B9 /* ConstraintInsets.swift */ = {isa = PBXFileReference; fileEncoding = 4; lastKnownFileType = sourcecode.swift; path = ConstraintInsets.swift; sourceTree = "<group>"; };
		AA69F1BC2219E4250021E9B9 /* ConstraintMakerFinalizable.swift */ = {isa = PBXFileReference; fileEncoding = 4; lastKnownFileType = sourcecode.swift; path = ConstraintMakerFinalizable.swift; sourceTree = "<group>"; };
		AA69F1BD2219E4250021E9B9 /* ConstraintDSL.swift */ = {isa = PBXFileReference; fileEncoding = 4; lastKnownFileType = sourcecode.swift; path = ConstraintDSL.swift; sourceTree = "<group>"; };
		AA69F1BE2219E4250021E9B9 /* ConstraintMakerExtendable.swift */ = {isa = PBXFileReference; fileEncoding = 4; lastKnownFileType = sourcecode.swift; path = ConstraintMakerExtendable.swift; sourceTree = "<group>"; };
		AA69F1BF2219E4250021E9B9 /* ConstraintPriority.swift */ = {isa = PBXFileReference; fileEncoding = 4; lastKnownFileType = sourcecode.swift; path = ConstraintPriority.swift; sourceTree = "<group>"; };
		AA69F1C02219E4250021E9B9 /* ConstraintInsetTarget.swift */ = {isa = PBXFileReference; fileEncoding = 4; lastKnownFileType = sourcecode.swift; path = ConstraintInsetTarget.swift; sourceTree = "<group>"; };
		AA69F1C12219E4250021E9B9 /* SnapKit.h */ = {isa = PBXFileReference; fileEncoding = 4; lastKnownFileType = sourcecode.c.h; path = SnapKit.h; sourceTree = "<group>"; };
		AA69F1C22219E4250021E9B9 /* ConstraintConfig.swift */ = {isa = PBXFileReference; fileEncoding = 4; lastKnownFileType = sourcecode.swift; path = ConstraintConfig.swift; sourceTree = "<group>"; };
		AA69F1C32219E4250021E9B9 /* UILayoutSupport+Extensions.swift */ = {isa = PBXFileReference; fileEncoding = 4; lastKnownFileType = sourcecode.swift; path = "UILayoutSupport+Extensions.swift"; sourceTree = "<group>"; };
		AA69F1C42219E4250021E9B9 /* ConstraintView.swift */ = {isa = PBXFileReference; fileEncoding = 4; lastKnownFileType = sourcecode.swift; path = ConstraintView.swift; sourceTree = "<group>"; };
		AA69F1C52219E4250021E9B9 /* ConstraintLayoutGuide.swift */ = {isa = PBXFileReference; fileEncoding = 4; lastKnownFileType = sourcecode.swift; path = ConstraintLayoutGuide.swift; sourceTree = "<group>"; };
		AA69F1C62219E4250021E9B9 /* ConstraintLayoutSupport.swift */ = {isa = PBXFileReference; fileEncoding = 4; lastKnownFileType = sourcecode.swift; path = ConstraintLayoutSupport.swift; sourceTree = "<group>"; };
		AA69F1C72219E4250021E9B9 /* Typealiases.swift */ = {isa = PBXFileReference; fileEncoding = 4; lastKnownFileType = sourcecode.swift; path = Typealiases.swift; sourceTree = "<group>"; };
		AA69F1C82219E4250021E9B9 /* ConstraintConstantTarget.swift */ = {isa = PBXFileReference; fileEncoding = 4; lastKnownFileType = sourcecode.swift; path = ConstraintConstantTarget.swift; sourceTree = "<group>"; };
		AA69F1C92219E4250021E9B9 /* ConstraintOffsetTarget.swift */ = {isa = PBXFileReference; fileEncoding = 4; lastKnownFileType = sourcecode.swift; path = ConstraintOffsetTarget.swift; sourceTree = "<group>"; };
		AA69F1CA2219E4250021E9B9 /* ConstraintMakerEditable.swift */ = {isa = PBXFileReference; fileEncoding = 4; lastKnownFileType = sourcecode.swift; path = ConstraintMakerEditable.swift; sourceTree = "<group>"; };
		AA69F1CB2219E4250021E9B9 /* ConstraintMaker.swift */ = {isa = PBXFileReference; fileEncoding = 4; lastKnownFileType = sourcecode.swift; path = ConstraintMaker.swift; sourceTree = "<group>"; };
		AA69F1CC2219E4250021E9B9 /* ConstraintRelation.swift */ = {isa = PBXFileReference; fileEncoding = 4; lastKnownFileType = sourcecode.swift; path = ConstraintRelation.swift; sourceTree = "<group>"; };
		AA69F1CD2219E4250021E9B9 /* ConstraintLayoutGuideDSL.swift */ = {isa = PBXFileReference; fileEncoding = 4; lastKnownFileType = sourcecode.swift; path = ConstraintLayoutGuideDSL.swift; sourceTree = "<group>"; };
		AA69F1CE2219E4250021E9B9 /* ConstraintView+Extensions.swift */ = {isa = PBXFileReference; fileEncoding = 4; lastKnownFileType = sourcecode.swift; path = "ConstraintView+Extensions.swift"; sourceTree = "<group>"; };
		AA69F1CF2219E4250021E9B9 /* ConstraintItem.swift */ = {isa = PBXFileReference; fileEncoding = 4; lastKnownFileType = sourcecode.swift; path = ConstraintItem.swift; sourceTree = "<group>"; };
		AA69F1D02219E4250021E9B9 /* Constraint.swift */ = {isa = PBXFileReference; fileEncoding = 4; lastKnownFileType = sourcecode.swift; path = Constraint.swift; sourceTree = "<group>"; };
		AA69F1D12219E4250021E9B9 /* Debugging.swift */ = {isa = PBXFileReference; fileEncoding = 4; lastKnownFileType = sourcecode.swift; path = Debugging.swift; sourceTree = "<group>"; };
		AA69F1D22219E4250021E9B9 /* ConstraintRelatableTarget.swift */ = {isa = PBXFileReference; fileEncoding = 4; lastKnownFileType = sourcecode.swift; path = ConstraintRelatableTarget.swift; sourceTree = "<group>"; };
		AA69F1D32219E4250021E9B9 /* Info.plist */ = {isa = PBXFileReference; fileEncoding = 4; lastKnownFileType = text.plist.xml; path = Info.plist; sourceTree = "<group>"; };
		AA69F1D42219E4250021E9B9 /* LayoutConstraint.swift */ = {isa = PBXFileReference; fileEncoding = 4; lastKnownFileType = sourcecode.swift; path = LayoutConstraint.swift; sourceTree = "<group>"; };
		AA69F1D52219E4250021E9B9 /* ConstraintLayoutGuide+Extensions.swift */ = {isa = PBXFileReference; fileEncoding = 4; lastKnownFileType = sourcecode.swift; path = "ConstraintLayoutGuide+Extensions.swift"; sourceTree = "<group>"; };
		AA69F1D62219E4250021E9B9 /* ConstraintLayoutSupportDSL.swift */ = {isa = PBXFileReference; fileEncoding = 4; lastKnownFileType = sourcecode.swift; path = ConstraintLayoutSupportDSL.swift; sourceTree = "<group>"; };
		AA69F1D72219E4250021E9B9 /* ConstraintMakerRelatable.swift */ = {isa = PBXFileReference; fileEncoding = 4; lastKnownFileType = sourcecode.swift; path = ConstraintMakerRelatable.swift; sourceTree = "<group>"; };
		AA69F1DA2219E4250021E9B9 /* Tests.swift */ = {isa = PBXFileReference; fileEncoding = 4; lastKnownFileType = sourcecode.swift; path = Tests.swift; sourceTree = "<group>"; };
		AA69F1DB2219E4250021E9B9 /* Info.plist */ = {isa = PBXFileReference; fileEncoding = 4; lastKnownFileType = text.plist.xml; path = Info.plist; sourceTree = "<group>"; };
		AA69F1DD2219E4250021E9B9 /* SnapKit Constraint Remake.codesnippet */ = {isa = PBXFileReference; fileEncoding = 4; lastKnownFileType = text.xml; path = "SnapKit Constraint Remake.codesnippet"; sourceTree = "<group>"; };
		AA69F1DE2219E4250021E9B9 /* SnapKit Constraint Make.codesnippet */ = {isa = PBXFileReference; fileEncoding = 4; lastKnownFileType = text.xml; path = "SnapKit Constraint Make.codesnippet"; sourceTree = "<group>"; };
		AA69F1DF2219E4250021E9B9 /* README.md */ = {isa = PBXFileReference; fileEncoding = 4; lastKnownFileType = net.daringfireball.markdown; path = README.md; sourceTree = "<group>"; };
		AA69F1E02219E4250021E9B9 /* ISSUE_TEMPLATE.md */ = {isa = PBXFileReference; fileEncoding = 4; lastKnownFileType = net.daringfireball.markdown; path = ISSUE_TEMPLATE.md; sourceTree = "<group>"; };
		AA69F1E12219E4250021E9B9 /* .gitignore */ = {isa = PBXFileReference; fileEncoding = 4; lastKnownFileType = text; path = .gitignore; sourceTree = "<group>"; };
		AA69F1E22219E4250021E9B9 /* SnapKit.podspec */ = {isa = PBXFileReference; fileEncoding = 4; lastKnownFileType = text; path = SnapKit.podspec; sourceTree = "<group>"; };
		AA69F1E32219E4250021E9B9 /* CONTRIBUTING.md */ = {isa = PBXFileReference; fileEncoding = 4; lastKnownFileType = net.daringfireball.markdown; path = CONTRIBUTING.md; sourceTree = "<group>"; };
		AA69F1E42219E4250021E9B9 /* SnapKit.xcodeproj */ = {isa = PBXFileReference; lastKnownFileType = "wrapper.pb-project"; path = SnapKit.xcodeproj; sourceTree = "<group>"; };
		AA69F1E72219E4250021E9B9 /* SnapKit.xcworkspace */ = {isa = PBXFileReference; lastKnownFileType = wrapper.workspace; path = SnapKit.xcworkspace; sourceTree = "<group>"; };
		AA69F1E82219E4250021E9B9 /* .travis.yml */ = {isa = PBXFileReference; fileEncoding = 4; lastKnownFileType = text; path = .travis.yml; sourceTree = "<group>"; };
		AA69F1EB2219E4250021E9B9 /* FF16D47D-E309-37F9-BC7C-AD7EBE97860F.bcsymbolmap */ = {isa = PBXFileReference; fileEncoding = 4; lastKnownFileType = text; path = "FF16D47D-E309-37F9-BC7C-AD7EBE97860F.bcsymbolmap"; sourceTree = "<group>"; };
		AA69F1EC2219E4250021E9B9 /* SnapKit.framework.dSYM */ = {isa = PBXFileReference; lastKnownFileType = wrapper.dsym; path = SnapKit.framework.dSYM; sourceTree = "<group>"; };
		AA69F1ED2219E4250021E9B9 /* CB3534A6-B14B-34A8-9871-B5359E1A6DC1.bcsymbolmap */ = {isa = PBXFileReference; fileEncoding = 4; lastKnownFileType = text; path = "CB3534A6-B14B-34A8-9871-B5359E1A6DC1.bcsymbolmap"; sourceTree = "<group>"; };
		AA69F1EE2219E4250021E9B9 /* SnapKit.framework */ = {isa = PBXFileReference; lastKnownFileType = wrapper.framework; path = SnapKit.framework; sourceTree = "<group>"; };
		AA69F1F02219E4250021E9B9 /* SnapKit.framework.dSYM */ = {isa = PBXFileReference; lastKnownFileType = wrapper.dsym; path = SnapKit.framework.dSYM; sourceTree = "<group>"; };
		AA69F1F12219E4250021E9B9 /* SnapKit.framework */ = {isa = PBXFileReference; lastKnownFileType = wrapper.framework; path = SnapKit.framework; sourceTree = "<group>"; };
		AA69F1F32219E4250021E9B9 /* C19BB6CE-6596-3283-8B1D-DF1EB3831D97.bcsymbolmap */ = {isa = PBXFileReference; fileEncoding = 4; lastKnownFileType = text; path = "C19BB6CE-6596-3283-8B1D-DF1EB3831D97.bcsymbolmap"; sourceTree = "<group>"; };
		AA69F1F42219E4250021E9B9 /* SnapKit.framework.dSYM */ = {isa = PBXFileReference; lastKnownFileType = wrapper.dsym; path = SnapKit.framework.dSYM; sourceTree = "<group>"; };
		AA69F1F52219E4250021E9B9 /* SnapKit.framework */ = {isa = PBXFileReference; lastKnownFileType = wrapper.framework; path = SnapKit.framework; sourceTree = "<group>"; };
		AA69F1F62219E4250021E9B9 /* .SnapKit.version */ = {isa = PBXFileReference; fileEncoding = 4; lastKnownFileType = text; path = .SnapKit.version; sourceTree = "<group>"; };
		AA69F1FD2219E4250021E9B9 /* Cartfile.save.1 */ = {isa = PBXFileReference; fileEncoding = 4; lastKnownFileType = text.man; name = Cartfile.save.1; path = ../../Cartfile.save.1; sourceTree = "<group>"; };
		AA69F1FE2219E4250021E9B9 /* Cartfile.resolved */ = {isa = PBXFileReference; fileEncoding = 4; lastKnownFileType = text; name = Cartfile.resolved; path = ../../Cartfile.resolved; sourceTree = "<group>"; };
		AA69F1FF2219E4260021E9B9 /* Cartfile */ = {isa = PBXFileReference; fileEncoding = 4; lastKnownFileType = text; name = Cartfile; path = ../../Cartfile; sourceTree = "<group>"; };
		AA69F2002219E4260021E9B9 /* Cartfile.save */ = {isa = PBXFileReference; fileEncoding = 4; lastKnownFileType = text; name = Cartfile.save; path = ../../Cartfile.save; sourceTree = "<group>"; };
		AA69F2472219E43E0021E9B9 /* TabBar.swift */ = {isa = PBXFileReference; fileEncoding = 4; lastKnownFileType = sourcecode.swift; path = TabBar.swift; sourceTree = "<group>"; };
		AA69F2482219E43E0021E9B9 /* ViewController.swift */ = {isa = PBXFileReference; fileEncoding = 4; lastKnownFileType = sourcecode.swift; path = ViewController.swift; sourceTree = "<group>"; };
		AA69F2492219E43E0021E9B9 /* Assets.xcassets */ = {isa = PBXFileReference; lastKnownFileType = folder.assetcatalog; path = Assets.xcassets; sourceTree = "<group>"; };
		AA69F24B2219E43E0021E9B9 /* Base */ = {isa = PBXFileReference; lastKnownFileType = file.storyboard; name = Base; path = Base.lproj/LaunchScreen.storyboard; sourceTree = "<group>"; };
		AA69F24C2219E43E0021E9B9 /* TabBarViewController.swift */ = {isa = PBXFileReference; fileEncoding = 4; lastKnownFileType = sourcecode.swift; path = TabBarViewController.swift; sourceTree = "<group>"; };
		AA69F24D2219E43E0021E9B9 /* AppDelegate.swift */ = {isa = PBXFileReference; fileEncoding = 4; lastKnownFileType = sourcecode.swift; path = AppDelegate.swift; sourceTree = "<group>"; };
		AA69F24E2219E43E0021E9B9 /* Position.swift */ = {isa = PBXFileReference; fileEncoding = 4; lastKnownFileType = sourcecode.swift; path = Position.swift; sourceTree = "<group>"; };
		AA69F24F2219E43E0021E9B9 /* Info.plist */ = {isa = PBXFileReference; fileEncoding = 4; lastKnownFileType = text.plist.xml; path = Info.plist; sourceTree = "<group>"; };
		AA69F2582219E4650021E9B9 /* Gemfile */ = {isa = PBXFileReference; fileEncoding = 4; lastKnownFileType = text; name = Gemfile; path = ../Gemfile; sourceTree = "<group>"; };
		AA69F25A2219E47A0021E9B9 /* nano.save */ = {isa = PBXFileReference; fileEncoding = 4; lastKnownFileType = text; name = nano.save; path = ../../nano.save; sourceTree = "<group>"; };
		ADEEA11967DF970F23A446C7 /* LICENSE */ = {isa = PBXFileReference; includeInIndex = 1; lastKnownFileType = text; name = LICENSE; path = ../LICENSE; sourceTree = "<group>"; };
		C28456C6475FE7FC5A7C5FEF /* Pods_TestTabBarLibrary_Tests.framework */ = {isa = PBXFileReference; explicitFileType = wrapper.framework; includeInIndex = 0; path = Pods_TestTabBarLibrary_Tests.framework; sourceTree = BUILT_PRODUCTS_DIR; };
		EEECB86FEB8E0E7CDCEAE5B4 /* Pods-TestTabBarLibrary_Tests.release.xcconfig */ = {isa = PBXFileReference; includeInIndex = 1; lastKnownFileType = text.xcconfig; name = "Pods-TestTabBarLibrary_Tests.release.xcconfig"; path = "Target Support Files/Pods-TestTabBarLibrary_Tests/Pods-TestTabBarLibrary_Tests.release.xcconfig"; sourceTree = "<group>"; };
/* End PBXFileReference section */

/* Begin PBXFrameworksBuildPhase section */
		607FACE21AFB9204008FA782 /* Frameworks */ = {
			isa = PBXFrameworksBuildPhase;
			buildActionMask = 2147483647;
			files = (
				AA69F23D2219E4260021E9B9 /* SnapKit.framework in Frameworks */,
				15B078C0DA03C423A6EE254F /* Pods_TestTabBarLibrary_Tests.framework in Frameworks */,
				AA69F23B2219E4260021E9B9 /* SnapKit.framework in Frameworks */,
				AA69F2402219E4260021E9B9 /* SnapKit.framework in Frameworks */,
			);
			runOnlyForDeploymentPostprocessing = 0;
		};
/* End PBXFrameworksBuildPhase section */

/* Begin PBXGroup section */
		4D05C702311A6949E6086BAA /* Frameworks */ = {
			isa = PBXGroup;
			children = (
				C28456C6475FE7FC5A7C5FEF /* Pods_TestTabBarLibrary_Tests.framework */,
			);
			name = Frameworks;
			sourceTree = "<group>";
		};
		607FACC71AFB9204008FA782 = {
			isa = PBXGroup;
			children = (
				AA69F25A2219E47A0021E9B9 /* nano.save */,
				AA69F2582219E4650021E9B9 /* Gemfile */,
				AA69F2462219E43E0021E9B9 /* TestTabBar */,
				AA69F1FF2219E4260021E9B9 /* Cartfile */,
				AA69F1FE2219E4250021E9B9 /* Cartfile.resolved */,
				AA69F2002219E4260021E9B9 /* Cartfile.save */,
				AA69F1FD2219E4250021E9B9 /* Cartfile.save.1 */,
				AA69F1A32219E4250021E9B9 /* Carthage */,
				AA69F1982219E40C0021E9B9 /* fastlane */,
				607FACF51AFB993E008FA782 /* Podspec Metadata */,
				607FACE81AFB9204008FA782 /* Tests */,
				607FACD11AFB9204008FA782 /* Products */,
				A4153F33550823E572CB8D49 /* Pods */,
				4D05C702311A6949E6086BAA /* Frameworks */,
			);
			sourceTree = "<group>";
		};
		607FACD11AFB9204008FA782 /* Products */ = {
			isa = PBXGroup;
			children = (
				607FACE51AFB9204008FA782 /* TestTabBarLibrary_Tests.xctest */,
			);
			name = Products;
			sourceTree = "<group>";
		};
		607FACE81AFB9204008FA782 /* Tests */ = {
			isa = PBXGroup;
			children = (
				607FACEB1AFB9204008FA782 /* Tests.swift */,
				607FACE91AFB9204008FA782 /* Supporting Files */,
			);
			path = Tests;
			sourceTree = "<group>";
		};
		607FACE91AFB9204008FA782 /* Supporting Files */ = {
			isa = PBXGroup;
			children = (
				607FACEA1AFB9204008FA782 /* Info.plist */,
			);
			name = "Supporting Files";
			sourceTree = "<group>";
		};
		607FACF51AFB993E008FA782 /* Podspec Metadata */ = {
			isa = PBXGroup;
			children = (
				96ED0F8A482D978F49AF9D5A /* TestTabBarLibrary.podspec */,
				9C93FBCA203344780816BC55 /* README.md */,
				ADEEA11967DF970F23A446C7 /* LICENSE */,
			);
			name = "Podspec Metadata";
			sourceTree = "<group>";
		};
		A4153F33550823E572CB8D49 /* Pods */ = {
			isa = PBXGroup;
			children = (
				A2DFF9B466BBF71DD30FB601 /* Pods-TestTabBarLibrary_Tests.debug.xcconfig */,
				EEECB86FEB8E0E7CDCEAE5B4 /* Pods-TestTabBarLibrary_Tests.release.xcconfig */,
			);
			path = Pods;
			sourceTree = "<group>";
		};
		AA69F1982219E40C0021E9B9 /* fastlane */ = {
			isa = PBXGroup;
			children = (
				AA69F1992219E40C0021E9B9 /* Appfile */,
				AA69F19A2219E40C0021E9B9 /* Fastfile */,
				AA69F19B2219E40C0021E9B9 /* Gemfile */,
				AA69F19C2219E40C0021E9B9 /* Gemfile.lock */,
				AA69F19D2219E40C0021E9B9 /* Matchfile */,
			);
			name = fastlane;
			path = ../../fastlane;
			sourceTree = "<group>";
		};
		AA69F1A32219E4250021E9B9 /* Carthage */ = {
			isa = PBXGroup;
			children = (
				AA69F1A42219E4250021E9B9 /* Checkouts */,
				AA69F1E92219E4250021E9B9 /* Build */,
			);
			name = Carthage;
			path = ../../Carthage;
			sourceTree = "<group>";
		};
		AA69F1A42219E4250021E9B9 /* Checkouts */ = {
			isa = PBXGroup;
			children = (
				AA69F1A52219E4250021E9B9 /* SnapKit */,
			);
			path = Checkouts;
			sourceTree = "<group>";
		};
		AA69F1A52219E4250021E9B9 /* SnapKit */ = {
			isa = PBXGroup;
			children = (
				AA69F1A62219E4250021E9B9 /* Documentation */,
				AA69F1A82219E4250021E9B9 /* Example-iOS */,
				AA69F1B22219E4250021E9B9 /* LICENSE */,
				AA69F1B32219E4250021E9B9 /* Source */,
				AA69F1D82219E4250021E9B9 /* Tests */,
				AA69F1DC2219E4250021E9B9 /* CodeSnippets */,
				AA69F1DF2219E4250021E9B9 /* README.md */,
				AA69F1E02219E4250021E9B9 /* ISSUE_TEMPLATE.md */,
				AA69F1E12219E4250021E9B9 /* .gitignore */,
				AA69F1E22219E4250021E9B9 /* SnapKit.podspec */,
				AA69F1E32219E4250021E9B9 /* CONTRIBUTING.md */,
				AA69F1E42219E4250021E9B9 /* SnapKit.xcodeproj */,
				AA69F1E72219E4250021E9B9 /* SnapKit.xcworkspace */,
				AA69F1E82219E4250021E9B9 /* .travis.yml */,
			);
			path = SnapKit;
			sourceTree = "<group>";
		};
		AA69F1A62219E4250021E9B9 /* Documentation */ = {
			isa = PBXGroup;
			children = (
				AA69F1A72219E4250021E9B9 /* SnapKit 3.0 Migration Guide.md */,
			);
			path = Documentation;
			sourceTree = "<group>";
		};
		AA69F1A82219E4250021E9B9 /* Example-iOS */ = {
			isa = PBXGroup;
			children = (
				AA69F1A92219E4250021E9B9 /* ListViewController.swift */,
				AA69F1AA2219E4250021E9B9 /* Assets.xcassets */,
				AA69F1AB2219E4250021E9B9 /* LaunchScreen.storyboard */,
				AA69F1AD2219E4250021E9B9 /* AppDelegate.swift */,
				AA69F1AE2219E4250021E9B9 /* demos */,
				AA69F1B12219E4250021E9B9 /* Info.plist */,
			);
			path = "Example-iOS";
			sourceTree = "<group>";
		};
		AA69F1AE2219E4250021E9B9 /* demos */ = {
			isa = PBXGroup;
			children = (
				AA69F1AF2219E4250021E9B9 /* SimpleLayoutViewController.swift */,
				AA69F1B02219E4250021E9B9 /* BasicUIScrollViewController.swift */,
			);
			path = demos;
			sourceTree = "<group>";
		};
		AA69F1B32219E4250021E9B9 /* Source */ = {
			isa = PBXGroup;
			children = (
				AA69F1B42219E4250021E9B9 /* ConstraintMultiplierTarget.swift */,
				AA69F1B52219E4250021E9B9 /* LayoutConstraintItem.swift */,
				AA69F1B62219E4250021E9B9 /* ConstraintDescription.swift */,
				AA69F1B72219E4250021E9B9 /* ConstraintMakerPriortizable.swift */,
				AA69F1B82219E4250021E9B9 /* ConstraintAttributes.swift */,
				AA69F1B92219E4250021E9B9 /* ConstraintViewDSL.swift */,
				AA69F1BA2219E4250021E9B9 /* ConstraintPriorityTarget.swift */,
				AA69F1BB2219E4250021E9B9 /* ConstraintInsets.swift */,
				AA69F1BC2219E4250021E9B9 /* ConstraintMakerFinalizable.swift */,
				AA69F1BD2219E4250021E9B9 /* ConstraintDSL.swift */,
				AA69F1BE2219E4250021E9B9 /* ConstraintMakerExtendable.swift */,
				AA69F1BF2219E4250021E9B9 /* ConstraintPriority.swift */,
				AA69F1C02219E4250021E9B9 /* ConstraintInsetTarget.swift */,
				AA69F1C12219E4250021E9B9 /* SnapKit.h */,
				AA69F1C22219E4250021E9B9 /* ConstraintConfig.swift */,
				AA69F1C32219E4250021E9B9 /* UILayoutSupport+Extensions.swift */,
				AA69F1C42219E4250021E9B9 /* ConstraintView.swift */,
				AA69F1C52219E4250021E9B9 /* ConstraintLayoutGuide.swift */,
				AA69F1C62219E4250021E9B9 /* ConstraintLayoutSupport.swift */,
				AA69F1C72219E4250021E9B9 /* Typealiases.swift */,
				AA69F1C82219E4250021E9B9 /* ConstraintConstantTarget.swift */,
				AA69F1C92219E4250021E9B9 /* ConstraintOffsetTarget.swift */,
				AA69F1CA2219E4250021E9B9 /* ConstraintMakerEditable.swift */,
				AA69F1CB2219E4250021E9B9 /* ConstraintMaker.swift */,
				AA69F1CC2219E4250021E9B9 /* ConstraintRelation.swift */,
				AA69F1CD2219E4250021E9B9 /* ConstraintLayoutGuideDSL.swift */,
				AA69F1CE2219E4250021E9B9 /* ConstraintView+Extensions.swift */,
				AA69F1CF2219E4250021E9B9 /* ConstraintItem.swift */,
				AA69F1D02219E4250021E9B9 /* Constraint.swift */,
				AA69F1D12219E4250021E9B9 /* Debugging.swift */,
				AA69F1D22219E4250021E9B9 /* ConstraintRelatableTarget.swift */,
				AA69F1D32219E4250021E9B9 /* Info.plist */,
				AA69F1D42219E4250021E9B9 /* LayoutConstraint.swift */,
				AA69F1D52219E4250021E9B9 /* ConstraintLayoutGuide+Extensions.swift */,
				AA69F1D62219E4250021E9B9 /* ConstraintLayoutSupportDSL.swift */,
				AA69F1D72219E4250021E9B9 /* ConstraintMakerRelatable.swift */,
			);
			path = Source;
			sourceTree = "<group>";
		};
		AA69F1D82219E4250021E9B9 /* Tests */ = {
			isa = PBXGroup;
			children = (
				AA69F1D92219E4250021E9B9 /* SnapKitTests */,
			);
			path = Tests;
			sourceTree = "<group>";
		};
		AA69F1D92219E4250021E9B9 /* SnapKitTests */ = {
			isa = PBXGroup;
			children = (
				AA69F1DA2219E4250021E9B9 /* Tests.swift */,
				AA69F1DB2219E4250021E9B9 /* Info.plist */,
			);
			path = SnapKitTests;
			sourceTree = "<group>";
		};
		AA69F1DC2219E4250021E9B9 /* CodeSnippets */ = {
			isa = PBXGroup;
			children = (
				AA69F1DD2219E4250021E9B9 /* SnapKit Constraint Remake.codesnippet */,
				AA69F1DE2219E4250021E9B9 /* SnapKit Constraint Make.codesnippet */,
			);
			path = CodeSnippets;
			sourceTree = "<group>";
		};
		AA69F1E52219E4250021E9B9 /* Products */ = {
			isa = PBXGroup;
			children = (
				AA69F1FA2219E4250021E9B9 /* SnapKit.framework */,
				AA69F1FC2219E4250021E9B9 /* SnapKit Tests.xctest */,
			);
			name = Products;
			sourceTree = "<group>";
		};
		AA69F1E92219E4250021E9B9 /* Build */ = {
			isa = PBXGroup;
			children = (
				AA69F1EA2219E4250021E9B9 /* iOS */,
				AA69F1EF2219E4250021E9B9 /* Mac */,
				AA69F1F22219E4250021E9B9 /* tvOS */,
				AA69F1F62219E4250021E9B9 /* .SnapKit.version */,
			);
			path = Build;
			sourceTree = "<group>";
		};
		AA69F1EA2219E4250021E9B9 /* iOS */ = {
			isa = PBXGroup;
			children = (
				AA69F1EB2219E4250021E9B9 /* FF16D47D-E309-37F9-BC7C-AD7EBE97860F.bcsymbolmap */,
				AA69F1EC2219E4250021E9B9 /* SnapKit.framework.dSYM */,
				AA69F1ED2219E4250021E9B9 /* CB3534A6-B14B-34A8-9871-B5359E1A6DC1.bcsymbolmap */,
				AA69F1EE2219E4250021E9B9 /* SnapKit.framework */,
			);
			path = iOS;
			sourceTree = "<group>";
		};
		AA69F1EF2219E4250021E9B9 /* Mac */ = {
			isa = PBXGroup;
			children = (
				AA69F1F02219E4250021E9B9 /* SnapKit.framework.dSYM */,
				AA69F1F12219E4250021E9B9 /* SnapKit.framework */,
			);
			path = Mac;
			sourceTree = "<group>";
		};
		AA69F1F22219E4250021E9B9 /* tvOS */ = {
			isa = PBXGroup;
			children = (
				AA69F1F32219E4250021E9B9 /* C19BB6CE-6596-3283-8B1D-DF1EB3831D97.bcsymbolmap */,
				AA69F1F42219E4250021E9B9 /* SnapKit.framework.dSYM */,
				AA69F1F52219E4250021E9B9 /* SnapKit.framework */,
			);
			path = tvOS;
			sourceTree = "<group>";
		};
		AA69F2462219E43E0021E9B9 /* TestTabBar */ = {
			isa = PBXGroup;
			children = (
				AA69F2472219E43E0021E9B9 /* TabBar.swift */,
				AA69F2482219E43E0021E9B9 /* ViewController.swift */,
				AA69F2492219E43E0021E9B9 /* Assets.xcassets */,
				AA69F24A2219E43E0021E9B9 /* LaunchScreen.storyboard */,
				AA69F24C2219E43E0021E9B9 /* TabBarViewController.swift */,
				AA69F24D2219E43E0021E9B9 /* AppDelegate.swift */,
				AA69F24E2219E43E0021E9B9 /* Position.swift */,
				AA69F24F2219E43E0021E9B9 /* Info.plist */,
			);
			name = TestTabBar;
			path = ../../TestTabBar;
			sourceTree = "<group>";
		};
/* End PBXGroup section */

/* Begin PBXNativeTarget section */
		607FACE41AFB9204008FA782 /* TestTabBarLibrary_Tests */ = {
			isa = PBXNativeTarget;
			buildConfigurationList = 607FACF21AFB9204008FA782 /* Build configuration list for PBXNativeTarget "TestTabBarLibrary_Tests" */;
			buildPhases = (
				9F6261C4142CF26784417EDA /* [CP] Check Pods Manifest.lock */,
				607FACE11AFB9204008FA782 /* Sources */,
				607FACE21AFB9204008FA782 /* Frameworks */,
				607FACE31AFB9204008FA782 /* Resources */,
				6D5F9DB38476858F115D8359 /* [CP] Embed Pods Frameworks */,
			);
			buildRules = (
			);
			dependencies = (
			);
			name = TestTabBarLibrary_Tests;
			productName = Tests;
			productReference = 607FACE51AFB9204008FA782 /* TestTabBarLibrary_Tests.xctest */;
			productType = "com.apple.product-type.bundle.unit-test";
		};
/* End PBXNativeTarget section */

/* Begin PBXProject section */
		607FACC81AFB9204008FA782 /* Project object */ = {
			isa = PBXProject;
			attributes = {
				LastSwiftUpdateCheck = 0830;
				LastUpgradeCheck = 0830;
				ORGANIZATIONNAME = CocoaPods;
				TargetAttributes = {
					607FACE41AFB9204008FA782 = {
						CreatedOnToolsVersion = 6.3.1;
						LastSwiftMigration = 0900;
						TestTargetID = 607FACCF1AFB9204008FA782;
					};
				};
			};
			buildConfigurationList = 607FACCB1AFB9204008FA782 /* Build configuration list for PBXProject "TestTabBarLibrary" */;
			compatibilityVersion = "Xcode 3.2";
			developmentRegion = English;
			hasScannedForEncodings = 0;
			knownRegions = (
				en,
				Base,
			);
			mainGroup = 607FACC71AFB9204008FA782;
			productRefGroup = 607FACD11AFB9204008FA782 /* Products */;
			projectDirPath = "";
			projectReferences = (
				{
					ProductGroup = AA69F1E52219E4250021E9B9 /* Products */;
					ProjectRef = AA69F1E42219E4250021E9B9 /* SnapKit.xcodeproj */;
				},
			);
			projectRoot = "";
			targets = (
				607FACE41AFB9204008FA782 /* TestTabBarLibrary_Tests */,
			);
		};
/* End PBXProject section */

/* Begin PBXReferenceProxy section */
		AA69F1FA2219E4250021E9B9 /* SnapKit.framework */ = {
			isa = PBXReferenceProxy;
			fileType = wrapper.framework;
			path = SnapKit.framework;
			remoteRef = AA69F1F92219E4250021E9B9 /* PBXContainerItemProxy */;
			sourceTree = BUILT_PRODUCTS_DIR;
		};
		AA69F1FC2219E4250021E9B9 /* SnapKit Tests.xctest */ = {
			isa = PBXReferenceProxy;
			fileType = wrapper.cfbundle;
			path = "SnapKit Tests.xctest";
			remoteRef = AA69F1FB2219E4250021E9B9 /* PBXContainerItemProxy */;
			sourceTree = BUILT_PRODUCTS_DIR;
		};
/* End PBXReferenceProxy section */

/* Begin PBXResourcesBuildPhase section */
		607FACE31AFB9204008FA782 /* Resources */ = {
			isa = PBXResourcesBuildPhase;
			buildActionMask = 2147483647;
			files = (
				AA69F2592219E4660021E9B9 /* Gemfile in Resources */,
				AA69F2442219E4260021E9B9 /* Cartfile in Resources */,
				AA69F1A22219E40C0021E9B9 /* Matchfile in Resources */,
				AA69F2342219E4260021E9B9 /* SnapKit.podspec in Resources */,
				AA69F2422219E4260021E9B9 /* Cartfile.save.1 in Resources */,
				AA69F22F2219E4260021E9B9 /* SnapKit Constraint Remake.codesnippet in Resources */,
				AA69F2042219E4260021E9B9 /* LaunchScreen.storyboard in Resources */,
				AA69F2082219E4260021E9B9 /* Info.plist in Resources */,
				AA69F2532219E43E0021E9B9 /* LaunchScreen.storyboard in Resources */,
				AA69F2332219E4260021E9B9 /* .gitignore in Resources */,
				AA69F23E2219E4260021E9B9 /* C19BB6CE-6596-3283-8B1D-DF1EB3831D97.bcsymbolmap in Resources */,
				AA69F23F2219E4260021E9B9 /* SnapKit.framework.dSYM in Resources */,
				AA69F2322219E4260021E9B9 /* ISSUE_TEMPLATE.md in Resources */,
				AA69F1A12219E40C0021E9B9 /* Gemfile.lock in Resources */,
				AA69F2572219E43E0021E9B9 /* Info.plist in Resources */,
				AA69F2382219E4260021E9B9 /* FF16D47D-E309-37F9-BC7C-AD7EBE97860F.bcsymbolmap in Resources */,
				AA69F2522219E43E0021E9B9 /* Assets.xcassets in Resources */,
				AA69F2092219E4260021E9B9 /* LICENSE in Resources */,
				AA69F2432219E4260021E9B9 /* Cartfile.resolved in Resources */,
				AA69F2362219E4260021E9B9 /* SnapKit.xcworkspace in Resources */,
				AA69F2012219E4260021E9B9 /* SnapKit 3.0 Migration Guide.md in Resources */,
				AA69F23C2219E4260021E9B9 /* SnapKit.framework.dSYM in Resources */,
				AA69F25B2219E47A0021E9B9 /* nano.save in Resources */,
				AA69F1A02219E40C0021E9B9 /* Gemfile in Resources */,
				AA69F23A2219E4260021E9B9 /* CB3534A6-B14B-34A8-9871-B5359E1A6DC1.bcsymbolmap in Resources */,
				AA69F2452219E4260021E9B9 /* Cartfile.save in Resources */,
				AA69F2372219E4260021E9B9 /* .travis.yml in Resources */,
				AA69F2302219E4260021E9B9 /* SnapKit Constraint Make.codesnippet in Resources */,
				AA69F2392219E4260021E9B9 /* SnapKit.framework.dSYM in Resources */,
				AA69F2032219E4260021E9B9 /* Assets.xcassets in Resources */,
				AA69F22E2219E4260021E9B9 /* Info.plist in Resources */,
				AA69F2352219E4260021E9B9 /* CONTRIBUTING.md in Resources */,
				AA69F2282219E4260021E9B9 /* Info.plist in Resources */,
				AA69F2412219E4260021E9B9 /* .SnapKit.version in Resources */,
				AA69F2312219E4260021E9B9 /* README.md in Resources */,
				AA69F19F2219E40C0021E9B9 /* Fastfile in Resources */,
				AA69F19E2219E40C0021E9B9 /* Appfile in Resources */,
			);
			runOnlyForDeploymentPostprocessing = 0;
		};
/* End PBXResourcesBuildPhase section */

/* Begin PBXShellScriptBuildPhase section */
		6D5F9DB38476858F115D8359 /* [CP] Embed Pods Frameworks */ = {
			isa = PBXShellScriptBuildPhase;
			buildActionMask = 2147483647;
			files = (
			);
			inputFileListPaths = (
			);
			inputPaths = (
				"${PODS_ROOT}/Target Support Files/Pods-TestTabBarLibrary_Tests/Pods-TestTabBarLibrary_Tests-frameworks.sh",
				"${BUILT_PRODUCTS_DIR}/TestTabBarLibrary/TestTabBarLibrary.framework",
			);
			name = "[CP] Embed Pods Frameworks";
			outputFileListPaths = (
			);
			outputPaths = (
				"${TARGET_BUILD_DIR}/${FRAMEWORKS_FOLDER_PATH}/TestTabBarLibrary.framework",
			);
			runOnlyForDeploymentPostprocessing = 0;
			shellPath = /bin/sh;
			shellScript = "\"${PODS_ROOT}/Target Support Files/Pods-TestTabBarLibrary_Tests/Pods-TestTabBarLibrary_Tests-frameworks.sh\"\n";
			showEnvVarsInLog = 0;
		};
		9F6261C4142CF26784417EDA /* [CP] Check Pods Manifest.lock */ = {
			isa = PBXShellScriptBuildPhase;
			buildActionMask = 2147483647;
			files = (
			);
			inputFileListPaths = (
			);
			inputPaths = (
				"${PODS_PODFILE_DIR_PATH}/Podfile.lock",
				"${PODS_ROOT}/Manifest.lock",
			);
			name = "[CP] Check Pods Manifest.lock";
			outputFileListPaths = (
			);
			outputPaths = (
				"$(DERIVED_FILE_DIR)/Pods-TestTabBarLibrary_Tests-checkManifestLockResult.txt",
			);
			runOnlyForDeploymentPostprocessing = 0;
			shellPath = /bin/sh;
			shellScript = "diff \"${PODS_PODFILE_DIR_PATH}/Podfile.lock\" \"${PODS_ROOT}/Manifest.lock\" > /dev/null\nif [ $? != 0 ] ; then\n    # print error to STDERR\n    echo \"error: The sandbox is not in sync with the Podfile.lock. Run 'pod install' or update your CocoaPods installation.\" >&2\n    exit 1\nfi\n# This output is used by Xcode 'outputs' to avoid re-running this script phase.\necho \"SUCCESS\" > \"${SCRIPT_OUTPUT_FILE_0}\"\n";
			showEnvVarsInLog = 0;
		};
/* End PBXShellScriptBuildPhase section */

/* Begin PBXSourcesBuildPhase section */
		607FACE11AFB9204008FA782 /* Sources */ = {
			isa = PBXSourcesBuildPhase;
			buildActionMask = 2147483647;
			files = (
				AA69F2552219E43E0021E9B9 /* AppDelegate.swift in Sources */,
				AA69F2212219E4260021E9B9 /* ConstraintRelation.swift in Sources */,
				AA69F22D2219E4260021E9B9 /* Tests.swift in Sources */,
				AA69F21F2219E4260021E9B9 /* ConstraintMakerEditable.swift in Sources */,
				AA69F20A2219E4260021E9B9 /* ConstraintMultiplierTarget.swift in Sources */,
				AA69F2542219E43E0021E9B9 /* TabBarViewController.swift in Sources */,
				AA69F2272219E4260021E9B9 /* ConstraintRelatableTarget.swift in Sources */,
				AA69F2242219E4260021E9B9 /* ConstraintItem.swift in Sources */,
				AA69F2562219E43E0021E9B9 /* Position.swift in Sources */,
				AA69F22A2219E4260021E9B9 /* ConstraintLayoutGuide+Extensions.swift in Sources */,
				AA69F21B2219E4260021E9B9 /* ConstraintLayoutSupport.swift in Sources */,
				AA69F2062219E4260021E9B9 /* SimpleLayoutViewController.swift in Sources */,
				AA69F2222219E4260021E9B9 /* ConstraintLayoutGuideDSL.swift in Sources */,
				AA69F20B2219E4260021E9B9 /* LayoutConstraintItem.swift in Sources */,
				AA69F21E2219E4260021E9B9 /* ConstraintOffsetTarget.swift in Sources */,
				AA69F22C2219E4260021E9B9 /* ConstraintMakerRelatable.swift in Sources */,
				AA69F20E2219E4260021E9B9 /* ConstraintAttributes.swift in Sources */,
				AA69F2122219E4260021E9B9 /* ConstraintMakerFinalizable.swift in Sources */,
				AA69F2052219E4260021E9B9 /* AppDelegate.swift in Sources */,
				AA69F2262219E4260021E9B9 /* Debugging.swift in Sources */,
				AA69F2202219E4260021E9B9 /* ConstraintMaker.swift in Sources */,
				AA69F2512219E43E0021E9B9 /* ViewController.swift in Sources */,
				AA69F2022219E4260021E9B9 /* ListViewController.swift in Sources */,
				AA69F2232219E4260021E9B9 /* ConstraintView+Extensions.swift in Sources */,
				AA69F21C2219E4260021E9B9 /* Typealiases.swift in Sources */,
				AA69F20D2219E4260021E9B9 /* ConstraintMakerPriortizable.swift in Sources */,
				AA69F2112219E4260021E9B9 /* ConstraintInsets.swift in Sources */,
				AA69F2252219E4260021E9B9 /* Constraint.swift in Sources */,
				AA69F2192219E4260021E9B9 /* ConstraintView.swift in Sources */,
				AA69F2102219E4260021E9B9 /* ConstraintPriorityTarget.swift in Sources */,
				AA69F2182219E4260021E9B9 /* UILayoutSupport+Extensions.swift in Sources */,
				AA69F2152219E4260021E9B9 /* ConstraintPriority.swift in Sources */,
				AA69F2072219E4260021E9B9 /* BasicUIScrollViewController.swift in Sources */,
				AA69F2142219E4260021E9B9 /* ConstraintMakerExtendable.swift in Sources */,
				AA69F21D2219E4260021E9B9 /* ConstraintConstantTarget.swift in Sources */,
				AA69F2162219E4260021E9B9 /* ConstraintInsetTarget.swift in Sources */,
				607FACEC1AFB9204008FA782 /* Tests.swift in Sources */,
				AA69F21A2219E4260021E9B9 /* ConstraintLayoutGuide.swift in Sources */,
				AA69F2502219E43E0021E9B9 /* TabBar.swift in Sources */,
				AA69F20C2219E4260021E9B9 /* ConstraintDescription.swift in Sources */,
				AA69F2292219E4260021E9B9 /* LayoutConstraint.swift in Sources */,
				AA69F22B2219E4260021E9B9 /* ConstraintLayoutSupportDSL.swift in Sources */,
				AA69F2172219E4260021E9B9 /* ConstraintConfig.swift in Sources */,
				AA69F20F2219E4260021E9B9 /* ConstraintViewDSL.swift in Sources */,
				AA69F2132219E4260021E9B9 /* ConstraintDSL.swift in Sources */,
			);
			runOnlyForDeploymentPostprocessing = 0;
		};
/* End PBXSourcesBuildPhase section */

/* Begin PBXVariantGroup section */
		AA69F1AB2219E4250021E9B9 /* LaunchScreen.storyboard */ = {
			isa = PBXVariantGroup;
			children = (
				AA69F1AC2219E4250021E9B9 /* Base */,
			);
			name = LaunchScreen.storyboard;
			sourceTree = "<group>";
		};
		AA69F24A2219E43E0021E9B9 /* LaunchScreen.storyboard */ = {
			isa = PBXVariantGroup;
			children = (
				AA69F24B2219E43E0021E9B9 /* Base */,
			);
			name = LaunchScreen.storyboard;
			sourceTree = "<group>";
		};
/* End PBXVariantGroup section */

/* Begin XCBuildConfiguration section */
		607FACED1AFB9204008FA782 /* Debug */ = {
			isa = XCBuildConfiguration;
			buildSettings = {
				ALWAYS_SEARCH_USER_PATHS = NO;
				CLANG_CXX_LANGUAGE_STANDARD = "gnu++0x";
				CLANG_CXX_LIBRARY = "libc++";
				CLANG_ENABLE_MODULES = YES;
				CLANG_ENABLE_OBJC_ARC = YES;
				CLANG_WARN_BLOCK_CAPTURE_AUTORELEASING = YES;
				CLANG_WARN_BOOL_CONVERSION = YES;
				CLANG_WARN_COMMA = YES;
				CLANG_WARN_CONSTANT_CONVERSION = YES;
				CLANG_WARN_DIRECT_OBJC_ISA_USAGE = YES_ERROR;
				CLANG_WARN_EMPTY_BODY = YES;
				CLANG_WARN_ENUM_CONVERSION = YES;
				CLANG_WARN_INFINITE_RECURSION = YES;
				CLANG_WARN_INT_CONVERSION = YES;
				CLANG_WARN_NON_LITERAL_NULL_CONVERSION = YES;
				CLANG_WARN_OBJC_LITERAL_CONVERSION = YES;
				CLANG_WARN_OBJC_ROOT_CLASS = YES_ERROR;
				CLANG_WARN_RANGE_LOOP_ANALYSIS = YES;
				CLANG_WARN_STRICT_PROTOTYPES = YES;
				CLANG_WARN_SUSPICIOUS_MOVE = YES;
				CLANG_WARN_UNREACHABLE_CODE = YES;
				CLANG_WARN__DUPLICATE_METHOD_MATCH = YES;
				"CODE_SIGN_IDENTITY[sdk=iphoneos*]" = "iPhone Developer";
				COPY_PHASE_STRIP = NO;
				DEBUG_INFORMATION_FORMAT = "dwarf-with-dsym";
				ENABLE_STRICT_OBJC_MSGSEND = YES;
				ENABLE_TESTABILITY = YES;
				GCC_C_LANGUAGE_STANDARD = gnu99;
				GCC_DYNAMIC_NO_PIC = NO;
				GCC_NO_COMMON_BLOCKS = YES;
				GCC_OPTIMIZATION_LEVEL = 0;
				GCC_PREPROCESSOR_DEFINITIONS = (
					"DEBUG=1",
					"$(inherited)",
				);
				GCC_SYMBOLS_PRIVATE_EXTERN = NO;
				GCC_WARN_64_TO_32_BIT_CONVERSION = YES;
				GCC_WARN_ABOUT_RETURN_TYPE = YES_ERROR;
				GCC_WARN_UNDECLARED_SELECTOR = YES;
				GCC_WARN_UNINITIALIZED_AUTOS = YES_AGGRESSIVE;
				GCC_WARN_UNUSED_FUNCTION = YES;
				GCC_WARN_UNUSED_VARIABLE = YES;
				IPHONEOS_DEPLOYMENT_TARGET = 9.3;
				MTL_ENABLE_DEBUG_INFO = YES;
				ONLY_ACTIVE_ARCH = YES;
				SDKROOT = iphoneos;
				SWIFT_OPTIMIZATION_LEVEL = "-Onone";
			};
			name = Debug;
		};
		607FACEE1AFB9204008FA782 /* Release */ = {
			isa = XCBuildConfiguration;
			buildSettings = {
				ALWAYS_SEARCH_USER_PATHS = NO;
				CLANG_CXX_LANGUAGE_STANDARD = "gnu++0x";
				CLANG_CXX_LIBRARY = "libc++";
				CLANG_ENABLE_MODULES = YES;
				CLANG_ENABLE_OBJC_ARC = YES;
				CLANG_WARN_BLOCK_CAPTURE_AUTORELEASING = YES;
				CLANG_WARN_BOOL_CONVERSION = YES;
				CLANG_WARN_COMMA = YES;
				CLANG_WARN_CONSTANT_CONVERSION = YES;
				CLANG_WARN_DIRECT_OBJC_ISA_USAGE = YES_ERROR;
				CLANG_WARN_EMPTY_BODY = YES;
				CLANG_WARN_ENUM_CONVERSION = YES;
				CLANG_WARN_INFINITE_RECURSION = YES;
				CLANG_WARN_INT_CONVERSION = YES;
				CLANG_WARN_NON_LITERAL_NULL_CONVERSION = YES;
				CLANG_WARN_OBJC_LITERAL_CONVERSION = YES;
				CLANG_WARN_OBJC_ROOT_CLASS = YES_ERROR;
				CLANG_WARN_RANGE_LOOP_ANALYSIS = YES;
				CLANG_WARN_STRICT_PROTOTYPES = YES;
				CLANG_WARN_SUSPICIOUS_MOVE = YES;
				CLANG_WARN_UNREACHABLE_CODE = YES;
				CLANG_WARN__DUPLICATE_METHOD_MATCH = YES;
				"CODE_SIGN_IDENTITY[sdk=iphoneos*]" = "iPhone Developer";
				COPY_PHASE_STRIP = NO;
				DEBUG_INFORMATION_FORMAT = "dwarf-with-dsym";
				ENABLE_NS_ASSERTIONS = NO;
				ENABLE_STRICT_OBJC_MSGSEND = YES;
				GCC_C_LANGUAGE_STANDARD = gnu99;
				GCC_NO_COMMON_BLOCKS = YES;
				GCC_WARN_64_TO_32_BIT_CONVERSION = YES;
				GCC_WARN_ABOUT_RETURN_TYPE = YES_ERROR;
				GCC_WARN_UNDECLARED_SELECTOR = YES;
				GCC_WARN_UNINITIALIZED_AUTOS = YES_AGGRESSIVE;
				GCC_WARN_UNUSED_FUNCTION = YES;
				GCC_WARN_UNUSED_VARIABLE = YES;
				IPHONEOS_DEPLOYMENT_TARGET = 9.3;
				MTL_ENABLE_DEBUG_INFO = NO;
				SDKROOT = iphoneos;
				SWIFT_OPTIMIZATION_LEVEL = "-Owholemodule";
				VALIDATE_PRODUCT = YES;
			};
			name = Release;
		};
		607FACF31AFB9204008FA782 /* Debug */ = {
			isa = XCBuildConfiguration;
			baseConfigurationReference = A2DFF9B466BBF71DD30FB601 /* Pods-TestTabBarLibrary_Tests.debug.xcconfig */;
			buildSettings = {
				FRAMEWORK_SEARCH_PATHS = (
					"$(SDKROOT)/Developer/Library/Frameworks",
					"$(inherited)",
				);
				GCC_PREPROCESSOR_DEFINITIONS = (
					"DEBUG=1",
					"$(inherited)",
				);
				INFOPLIST_FILE = Tests/Info.plist;
				LD_RUNPATH_SEARCH_PATHS = "$(inherited) @executable_path/Frameworks @loader_path/Frameworks";
				PRODUCT_BUNDLE_IDENTIFIER = "org.cocoapods.$(PRODUCT_NAME:rfc1034identifier)";
				PRODUCT_NAME = "$(TARGET_NAME)";
				SWIFT_SWIFT3_OBJC_INFERENCE = Default;
				SWIFT_VERSION = 4.0;
				TEST_HOST = "$(BUILT_PRODUCTS_DIR)/TestTabBarLibrary_Example.app/TestTabBarLibrary_Example";
			};
			name = Debug;
		};
		607FACF41AFB9204008FA782 /* Release */ = {
			isa = XCBuildConfiguration;
			baseConfigurationReference = EEECB86FEB8E0E7CDCEAE5B4 /* Pods-TestTabBarLibrary_Tests.release.xcconfig */;
			buildSettings = {
				FRAMEWORK_SEARCH_PATHS = (
					"$(SDKROOT)/Developer/Library/Frameworks",
					"$(inherited)",
				);
				INFOPLIST_FILE = Tests/Info.plist;
				LD_RUNPATH_SEARCH_PATHS = "$(inherited) @executable_path/Frameworks @loader_path/Frameworks";
				PRODUCT_BUNDLE_IDENTIFIER = "org.cocoapods.$(PRODUCT_NAME:rfc1034identifier)";
				PRODUCT_NAME = "$(TARGET_NAME)";
				SWIFT_SWIFT3_OBJC_INFERENCE = Default;
				SWIFT_VERSION = 4.0;
				TEST_HOST = "$(BUILT_PRODUCTS_DIR)/TestTabBarLibrary_Example.app/TestTabBarLibrary_Example";
			};
			name = Release;
		};
/* End XCBuildConfiguration section */

/* Begin XCConfigurationList section */
		607FACCB1AFB9204008FA782 /* Build configuration list for PBXProject "TestTabBarLibrary" */ = {
			isa = XCConfigurationList;
			buildConfigurations = (
				607FACED1AFB9204008FA782 /* Debug */,
				607FACEE1AFB9204008FA782 /* Release */,
			);
			defaultConfigurationIsVisible = 0;
			defaultConfigurationName = Release;
		};
		607FACF21AFB9204008FA782 /* Build configuration list for PBXNativeTarget "TestTabBarLibrary_Tests" */ = {
			isa = XCConfigurationList;
			buildConfigurations = (
				607FACF31AFB9204008FA782 /* Debug */,
				607FACF41AFB9204008FA782 /* Release */,
			);
			defaultConfigurationIsVisible = 0;
			defaultConfigurationName = Release;
		};
/* End XCConfigurationList section */
	};
	rootObject = 607FACC81AFB9204008FA782 /* Project object */;
}
